<?xml version="1.0" encoding="utf-8"?>
<Project ToolsVersion="4.0" xmlns="http://schemas.microsoft.com/developer/msbuild/2003">
  <ItemGroup>
    <Filter Include="소스 파일">
      <UniqueIdentifier>{4FC737F1-C7A5-4376-A066-2A32D752A2FF}</UniqueIdentifier>
      <Extensions>cpp;c;cc;cxx;def;odl;idl;hpj;bat;asm;asmx</Extensions>
    </Filter>
    <Filter Include="헤더 파일">
      <UniqueIdentifier>{93995380-89BD-4b04-88EB-625FBE52EBFB}</UniqueIdentifier>
      <Extensions>h;hh;hpp;hxx;hm;inl;inc;xsd</Extensions>
    </Filter>
    <Filter Include="리소스 파일">
      <UniqueIdentifier>{67DA6AB6-F800-4c08-8B7A-83BB121AAD01}</UniqueIdentifier>
      <Extensions>rc;ico;cur;bmp;dlg;rc2;rct;bin;rgs;gif;jpg;jpeg;jpe;resx;tiff;tif;png;wav;mfcribbon-ms</Extensions>
    </Filter>
    <Filter Include="소스 파일\Input Component">
      <UniqueIdentifier>{014462e3-cff4-4d57-95c8-8b1d2f127390}</UniqueIdentifier>
    </Filter>
    <Filter Include="소스 파일\Logic Gate Component">
      <UniqueIdentifier>{95832458-646c-4000-9de6-10e821bc5b9f}</UniqueIdentifier>
    </Filter>
    <Filter Include="헤더 파일\Logic gate Component">
      <UniqueIdentifier>{d4924fee-26ca-48ea-9afe-cfa144b63dba}</UniqueIdentifier>
    </Filter>
    <Filter Include="헤더 파일\Input Component">
      <UniqueIdentifier>{1f6af492-d1b9-4db3-bf34-09d8e7ea4a34}</UniqueIdentifier>
    </Filter>
    <Filter Include="헤더 파일\Wire Component">
      <UniqueIdentifier>{c5caba9c-e766-47db-b680-352cfe8ea713}</UniqueIdentifier>
    </Filter>
    <Filter Include="소스 파일\Wire Component">
      <UniqueIdentifier>{23871e93-2e05-4908-b736-37b5e03c473e}</UniqueIdentifier>
    </Filter>
    <Filter Include="헤더 파일\Output component">
      <UniqueIdentifier>{0227a77e-9aab-4b1c-803a-ce0859e8a4ea}</UniqueIdentifier>
    </Filter>
    <Filter Include="소스 파일\Output component">
      <UniqueIdentifier>{920eca10-111c-4873-8416-48f7c72ce926}</UniqueIdentifier>
    </Filter>
  </ItemGroup>
  <ItemGroup>
    <ClCompile Include="소스.cpp">
      <Filter>소스 파일</Filter>
    </ClCompile>
    <ClCompile Include="SimulatorObject.cpp">
      <Filter>소스 파일</Filter>
    </ClCompile>
    <ClCompile Include="ComponentObject.cpp">
      <Filter>소스 파일</Filter>
    </ClCompile>
    <ClCompile Include="WireComponet.cpp">
      <Filter>소스 파일\Wire Component</Filter>
    </ClCompile>
    <ClCompile Include="ClockComponent.cpp">
      <Filter>소스 파일\Input Component</Filter>
    </ClCompile>
    <ClCompile Include="ANDGateComponet.cpp">
      <Filter>소스 파일\Logic Gate Component</Filter>
    </ClCompile>
    <ClCompile Include="NANDGateComponent.cpp">
      <Filter>소스 파일\Logic Gate Component</Filter>
    </ClCompile>
    <ClCompile Include="NORGateComponent.cpp">
      <Filter>소스 파일\Logic Gate Component</Filter>
    </ClCompile>
    <ClCompile Include="NOTGateComponent.cpp">
      <Filter>소스 파일\Logic Gate Component</Filter>
    </ClCompile>
    <ClCompile Include="ORGateComponent.cpp">
      <Filter>소스 파일\Logic Gate Component</Filter>
    </ClCompile>
    <ClCompile Include="XORGateComponent.cpp">
      <Filter>소스 파일\Logic Gate Component</Filter>
    </ClCompile>
    <ClCompile Include="7SegmentComponent.cpp">
      <Filter>소스 파일\Output component</Filter>
    </ClCompile>
    <ClCompile Include="OneBitLampComponent.cpp">
      <Filter>소스 파일\Output component</Filter>
    </ClCompile>
    <ClCompile Include="InputPinComponent.cpp">
      <Filter>소스 파일\Input Component</Filter>
    </ClCompile>
    <ClCompile Include="LibraryBoxComponent.cpp">
      <Filter>소스 파일</Filter>
    </ClCompile>
    <ClCompile Include="OneBitSwitch.cpp">
      <Filter>소스 파일\Input Component</Filter>
    </ClCompile>
    <ClCompile Include="OutputPin.cpp">
      <Filter>소스 파일\Output component</Filter>
    </ClCompile>
  </ItemGroup>
  <ItemGroup>
    <ClInclude Include="SimulatorObject.h">
      <Filter>헤더 파일</Filter>
    </ClInclude>
    <ClInclude Include="ComponentObject.h">
      <Filter>헤더 파일</Filter>
    </ClInclude>
    <ClInclude Include="WireComponet.h">
      <Filter>헤더 파일\Wire Component</Filter>
    </ClInclude>
    <ClInclude Include="ClockComponent.h">
      <Filter>헤더 파일\Input Component</Filter>
    </ClInclude>
    <ClInclude Include="ANDGateComponet.h">
      <Filter>헤더 파일\Logic gate Component</Filter>
    </ClInclude>
    <ClInclude Include="ORGateComponent.h">
      <Filter>헤더 파일\Logic gate Component</Filter>
    </ClInclude>
    <ClInclude Include="XORGateComponent.h">
      <Filter>헤더 파일\Logic gate Component</Filter>
    </ClInclude>
    <ClInclude Include="NOTGateComponent.h">
      <Filter>헤더 파일\Logic gate Component</Filter>
    </ClInclude>
    <ClInclude Include="NORGateComponent.h">
      <Filter>헤더 파일\Logic gate Component</Filter>
    </ClInclude>
    <ClInclude Include="NANDGateComponent.h">
      <Filter>헤더 파일\Logic gate Component</Filter>
    </ClInclude>
    <ClInclude Include="7SegmentComponent.h">
      <Filter>헤더 파일\Output component</Filter>
    </ClInclude>
    <ClInclude Include="OneBitLampComponent.h">
      <Filter>헤더 파일\Output component</Filter>
    </ClInclude>
    <ClInclude Include="LibraryBoxComponent.h">
      <Filter>헤더 파일</Filter>
    </ClInclude>
    <ClInclude Include="InputPinComponent.h">
      <Filter>헤더 파일\Input Component</Filter>
    </ClInclude>
    <ClInclude Include="OutputPin.h">
      <Filter>헤더 파일\Output component</Filter>
    </ClInclude>
    <ClInclude Include="OneBitSwitch.h">
      <Filter>헤더 파일\Input Component</Filter>
    </ClInclude>
  </ItemGroup>
</Project>